
Microsoft Visual Studio Solution File, Format Version 12.00
# Visual Studio Version 17
VisualStudioVersion = 17.14.36623.8 d17.14
MinimumVisualStudioVersion = 10.0.40219.1
Project("{FAE04EC0-301F-11D3-BF4B-00C04F79EFBC}") = "OlimpikonokAPI", "OlimpikonokAPI\OlimpikonokAPI.csproj", "{C064AB52-C6AB-45E1-B266-0B1D978DBD6C}"
EndProject
Global
	GlobalSection(SolutionConfigurationPlatforms) = preSolution
		Debug|Any CPU = Debug|Any CPU
		Release|Any CPU = Release|Any CPU
	EndGlobalSection
	GlobalSection(ProjectConfigurationPlatforms) = postSolution
		{C064AB52-C6AB-45E1-B266-0B1D978DBD6C}.Debug|Any CPU.ActiveCfg = Debug|Any CPU
		{C064AB52-C6AB-45E1-B266-0B1D978DBD6C}.Debug|Any CPU.Build.0 = Debug|Any CPU
		{C064AB52-C6AB-45E1-B266-0B1D978DBD6C}.Release|Any CPU.ActiveCfg = Release|Any CPU
		{C064AB52-C6AB-45E1-B266-0B1D978DBD6C}.Release|Any CPU.Build.0 = Release|Any CPU
	EndGlobalSection
	GlobalSection(SolutionProperties) = preSolution
		HideSolutionNode = FALSE
	EndGlobalSection
	GlobalSection(ExtensibilityGlobals) = postSolution
		SolutionGuid = {5FDB925F-737F-4C4B-9A7E-0E3E1882B530}
	EndGlobalSection
EndGlobal
